{
  "nodes": {
    "base16": {
      "inputs": {
        "fromYaml": "fromYaml"
      },
      "locked": {
        "lastModified": 1708890466,
        "narHash": "sha256-LlrC09LoPi8OPYOGPXegD72v+//VapgAqhbOFS3i8sc=",
        "owner": "SenchoPens",
        "repo": "base16.nix",
        "rev": "665b3c6748534eb766c777298721cece9453fdae",
        "type": "github"
      },
      "original": {
        "owner": "SenchoPens",
        "repo": "base16.nix",
        "type": "github"
      }
    },
    "base16-fish": {
      "flake": false,
      "locked": {
        "lastModified": 1622559957,
        "narHash": "sha256-PebymhVYbL8trDVVXxCvZgc0S5VxI7I1Hv4RMSquTpA=",
        "owner": "tomyun",
        "repo": "base16-fish",
        "rev": "2f6dd973a9075dabccd26f1cded09508180bf5fe",
        "type": "github"
      },
      "original": {
        "owner": "tomyun",
        "repo": "base16-fish",
        "type": "github"
      }
    },
    "base16-foot": {
      "flake": false,
      "locked": {
        "lastModified": 1727574105,
        "narHash": "sha256-ByMVgH0rZ1by2YIVJ47gE8/ZHWcG8yqsErQ4tKLbm7Q=",
        "owner": "tinted-theming",
        "repo": "base16-foot",
        "rev": "e558fe47e187093313f19fa6a9eea61940ffbd6b",
        "type": "github"
      },
      "original": {
        "owner": "tinted-theming",
        "repo": "base16-foot",
        "type": "github"
      }
    },
    "base16-helix": {
      "flake": false,
      "locked": {
        "lastModified": 1725860795,
        "narHash": "sha256-Z2o8VBPW3I+KKTSfe25kskz0EUj7MpUh8u355Z1nVsU=",
        "owner": "tinted-theming",
        "repo": "base16-helix",
        "rev": "7f795bf75d38e0eea9fed287264067ca187b88a9",
        "type": "github"
      },
      "original": {
        "owner": "tinted-theming",
        "repo": "base16-helix",
        "type": "github"
      }
    },
    "base16-kitty": {
      "flake": false,
      "locked": {
        "lastModified": 1721117198,
        "narHash": "sha256-+vEXvEsar7w7wPVRmKx+rJKUTD5DBgLR7jfl0k7VhnE=",
        "owner": "kdrag0n",
        "repo": "base16-kitty",
        "rev": "0898f2677f3a583cc6a89bde29b2b05ac2041e0b",
        "type": "github"
      },
      "original": {
        "owner": "kdrag0n",
        "repo": "base16-kitty",
        "type": "github"
      }
    },
    "base16-tmux": {
      "flake": false,
      "locked": {
        "lastModified": 1727571738,
        "narHash": "sha256-AOITVZMhqELOzL5Jw54NIX7R8gFbTJqrHEDuPwgGYDQ=",
        "owner": "tinted-theming",
        "repo": "base16-tmux",
        "rev": "44fbe9034653c83a8ae68941aaeeeeb7503cd1ae",
        "type": "github"
      },
      "original": {
        "owner": "tinted-theming",
        "repo": "base16-tmux",
        "type": "github"
      }
    },
    "base16-vim": {
      "flake": false,
      "locked": {
        "lastModified": 1728589662,
        "narHash": "sha256-rujJnzPRpeQWd0bP4pOa7cG5GswX4uwLBQzuhDFrdRs=",
        "owner": "tinted-theming",
        "repo": "base16-vim",
        "rev": "24d384a064d09a20eca7e78a0bfe1fb302c0eb99",
        "type": "github"
      },
      "original": {
        "owner": "tinted-theming",
        "repo": "base16-vim",
        "type": "github"
      }
    },
    "disko": {
      "inputs": {
        "nixpkgs": [
          "nixpkgs"
        ]
      },
      "locked": {
        "lastModified": 1728334376,
        "narHash": "sha256-CTKEKPzD/j8FK6H4DO3EjyixZd3HHvgAgfnCwpGFP5c=",
        "owner": "nix-community",
        "repo": "disko",
        "rev": "d39ee334984fcdae6244f5a8e6ab857479cbaefe",
        "type": "github"
      },
      "original": {
        "owner": "nix-community",
        "repo": "disko",
        "type": "github"
      }
    },
    "etc-nixos": {
      "flake": false,
      "locked": {
        "lastModified": 0,
        "narHash": "sha256-/6peRIyxYG1QjSh13dWMT/cc+12Bdbvb2znxrcUmee4=",
        "path": "/etc/nixos",
        "type": "path"
      },
      "original": {
        "path": "/etc/nixos",
        "type": "path"
      }
    },
    "flake-compat": {
      "flake": false,
      "locked": {
        "lastModified": 1673956053,
        "narHash": "sha256-4gtG9iQuiKITOjNQQeQIpoIB6b16fm+504Ch3sNKLd8=",
        "owner": "edolstra",
        "repo": "flake-compat",
        "rev": "35bb57c0c8d8b62bbfd284272c928ceb64ddbde9",
        "type": "github"
      },
      "original": {
        "owner": "edolstra",
        "repo": "flake-compat",
        "type": "github"
      }
    },
    "flake-utils": {
      "inputs": {
        "systems": [
          "stylix",
          "systems"
        ]
      },
      "locked": {
        "lastModified": 1726560853,
        "narHash": "sha256-X6rJYSESBVr3hBoH0WbKE5KvhPU5bloyZ2L4K60/fPQ=",
        "owner": "numtide",
        "repo": "flake-utils",
        "rev": "c1dfcf08411b08f6b8615f7d8971a2bfa81d5e8a",
        "type": "github"
      },
      "original": {
        "owner": "numtide",
        "repo": "flake-utils",
        "type": "github"
      }
    },
    "fromYaml": {
      "flake": false,
      "locked": {
        "lastModified": 1689549921,
        "narHash": "sha256-iX0pk/uB019TdBGlaJEWvBCfydT6sRq+eDcGPifVsCM=",
        "owner": "SenchoPens",
        "repo": "fromYaml",
        "rev": "11fbbbfb32e3289d3c631e0134a23854e7865c84",
        "type": "github"
      },
      "original": {
        "owner": "SenchoPens",
        "repo": "fromYaml",
        "type": "github"
      }
    },
    "gnome-shell": {
      "flake": false,
      "locked": {
        "lastModified": 1713702291,
        "narHash": "sha256-zYP1ehjtcV8fo+c+JFfkAqktZ384Y+y779fzmR9lQAU=",
        "owner": "GNOME",
        "repo": "gnome-shell",
        "rev": "0d0aadf013f78a7f7f1dc984d0d812971864b934",
        "type": "github"
      },
      "original": {
        "owner": "GNOME",
        "ref": "46.1",
        "repo": "gnome-shell",
        "type": "github"
      }
    },
    "home-manager": {
      "inputs": {
        "nixpkgs": [
          "nixpkgs"
        ]
      },
      "locked": {
        "lastModified": 1726989464,
        "narHash": "sha256-Vl+WVTJwutXkimwGprnEtXc/s/s8sMuXzqXaspIGlwM=",
        "owner": "nix-community",
        "repo": "home-manager",
        "rev": "2f23fa308a7c067e52dfcc30a0758f47043ec176",
        "type": "github"
      },
      "original": {
        "owner": "nix-community",
        "ref": "release-24.05",
        "repo": "home-manager",
        "type": "github"
      }
    },
    "home-manager_2": {
      "inputs": {
        "nixpkgs": [
          "stylix",
          "nixpkgs"
        ]
      },
      "locked": {
        "lastModified": 1724435763,
        "narHash": "sha256-UNky3lJNGQtUEXT2OY8gMxejakSWPTfWKvpFkpFlAfM=",
        "owner": "nix-community",
        "repo": "home-manager",
        "rev": "c2cd2a52e02f1dfa1c88f95abeb89298d46023be",
        "type": "github"
      },
      "original": {
        "owner": "nix-community",
        "repo": "home-manager",
        "type": "github"
      }
    },
    "impermanence": {
      "locked": {
        "lastModified": 1727649413,
        "narHash": "sha256-FA53of86DjFdeQzRDVtvgWF9o52rWK70VHGx0Y8fElQ=",
        "owner": "nix-community",
        "repo": "impermanence",
        "rev": "d0b38e550039a72aff896ee65b0918e975e6d48e",
        "type": "github"
      },
      "original": {
        "owner": "nix-community",
        "repo": "impermanence",
        "type": "github"
      }
    },
    "nix-index-database": {
      "inputs": {
        "nixpkgs": [
          "nixpkgs"
        ]
      },
      "locked": {
        "lastModified": 1728263287,
        "narHash": "sha256-GJDtsxz2/zw6g/Nrp4XVWBS5IaZ7ZUkuvxPOBEDe7pg=",
        "owner": "nix-community",
        "repo": "nix-index-database",
        "rev": "5fce10c871bab6d7d5ac9e5e7efbb3a2783f5259",
        "type": "github"
      },
      "original": {
        "owner": "nix-community",
        "repo": "nix-index-database",
        "type": "github"
      }
    },
    "nixpkgs": {
      "locked": {
        "lastModified": 1728500571,
        "narHash": "sha256-dOymOQ3AfNI4Z337yEwHGohrVQb4yPODCW9MDUyAc4w=",
        "owner": "nixos",
        "repo": "nixpkgs",
        "rev": "d51c28603def282a24fa034bcb007e2bcb5b5dd0",
        "type": "github"
      },
      "original": {
        "owner": "nixos",
        "ref": "nixos-24.05",
        "repo": "nixpkgs",
        "type": "github"
      }
    },
    "nixpkgs_2": {
      "locked": {
        "lastModified": 1728538411,
        "narHash": "sha256-f0SBJz1eZ2yOuKUr5CA9BHULGXVSn6miBuUWdTyhUhU=",
        "owner": "NixOS",
        "repo": "nixpkgs",
        "rev": "b69de56fac8c2b6f8fd27f2eca01dcda8e0a4221",
        "type": "github"
      },
      "original": {
        "owner": "NixOS",
        "ref": "nixpkgs-unstable",
        "repo": "nixpkgs",
        "type": "github"
      }
    },
    "plasma-manager": {
      "inputs": {
        "home-manager": [
          "home-manager"
        ],
        "nixpkgs": [
          "nixpkgs"
        ]
      },
      "locked": {
        "lastModified": 1727917089,
        "narHash": "sha256-XWNBGf8Z03sqA5/m99X6XTFbHGNuVx1gMaMQJbdDIrY=",
        "owner": "nix-community",
        "repo": "plasma-manager",
        "rev": "bc14b17bff1557de8f103172508f896a87bb9cdb",
        "type": "github"
      },
      "original": {
        "owner": "nix-community",
        "repo": "plasma-manager",
        "type": "github"
      }
    },
    "root": {
      "inputs": {
        "disko": "disko",
        "etc-nixos": "etc-nixos",
        "home-manager": "home-manager",
        "impermanence": "impermanence",
        "nix-index-database": "nix-index-database",
        "nixpkgs": "nixpkgs",
        "plasma-manager": "plasma-manager",
        "stylix": "stylix"
      }
    },
    "stylix": {
      "inputs": {
        "base16": "base16",
        "base16-fish": "base16-fish",
        "base16-foot": "base16-foot",
        "base16-helix": "base16-helix",
        "base16-kitty": "base16-kitty",
        "base16-tmux": "base16-tmux",
        "base16-vim": "base16-vim",
        "flake-compat": "flake-compat",
        "flake-utils": "flake-utils",
        "gnome-shell": "gnome-shell",
        "home-manager": "home-manager_2",
        "nixpkgs": "nixpkgs_2",
        "systems": "systems"
      },
      "locked": {
        "lastModified": 1728702226,
        "narHash": "sha256-268qqDxb6jUX4tgoQYsKeGT8EfHITvDNT55sHm/O1rE=",
        "owner": "hiibolt",
        "repo": "stylix",
        "rev": "abcd2036a1420779f6925f0db5aea86b86ae3ac6",
        "type": "github"
      },
      "original": {
        "owner": "hiibolt",
        "repo": "stylix",
        "rev": "abcd2036a1420779f6925f0db5aea86b86ae3ac6",
        "type": "github"
      }
    },
    "systems": {
      "locked": {
        "lastModified": 1681028828,
        "narHash": "sha256-Vy1rq5AaRuLzOxct8nz4T6wlgyUR7zLU309k9mBC768=",
        "owner": "nix-systems",
        "repo": "default",
        "rev": "da67096a3b9bf56a91d16901293e51ba5b49a27e",
        "type": "github"
      },
      "original": {
        "owner": "nix-systems",
        "repo": "default",
        "type": "github"
      }
    }
  },
  "root": "root",
  "version": 7
}
